
Microsoft Visual Studio Solution File, Format Version 12.00
# Visual Studio Version 16
VisualStudioVersion = 16.0.31911.196
MinimumVisualStudioVersion = 10.0.40219.1
Project("{FAE04EC0-301F-11D3-BF4B-00C04F79EFBC}") = "教务系统", "教务系统\教务系统.csproj", "{BD2F4B45-20A9-4EB5-A37D-768405E27AA7}"
EndProject
Global
	GlobalSection(SolutionConfigurationPlatforms) = preSolution
		Debug|Any CPU = Debug|Any CPU
		Release|Any CPU = Release|Any CPU
	EndGlobalSection
	GlobalSection(ProjectConfigurationPlatforms) = postSolution
		{BD2F4B45-20A9-4EB5-A37D-768405E27AA7}.Debug|Any CPU.ActiveCfg = Debug|Any CPU
		{BD2F4B45-20A9-4EB5-A37D-768405E27AA7}.Debug|Any CPU.Build.0 = Debug|Any CPU
		{BD2F4B45-20A9-4EB5-A37D-768405E27AA7}.Release|Any CPU.ActiveCfg = Release|Any CPU
		{BD2F4B45-20A9-4EB5-A37D-768405E27AA7}.Release|Any CPU.Build.0 = Release|Any CPU
	EndGlobalSection
	GlobalSection(SolutionProperties) = preSolution
		HideSolutionNode = FALSE
	EndGlobalSection
	GlobalSection(ExtensibilityGlobals) = postSolution
		SolutionGuid = {3358A8F3-459F-48F4-8BFF-EAAEC00C1CE4}
	EndGlobalSection
EndGlobal
